// !$*UTF8*$!
{
	archiveVersion = 1;
	classes = {
	};
	objectVersion = 46;
	objects = {

/* Begin PBXFileReference section */
		ABF991441C9765C900A1EDDE /* Package.swift */ = {isa = PBXFileReference; lastKnownFileType = sourcecode.swift; path = Package.swift; sourceTree = "<group>"; };
		ABF991451C9765C900A1EDDE /* Sources */ = {isa = PBXFileReference; lastKnownFileType = folder; path = Sources; sourceTree = "<group>"; };
		ABF991461C9765C900A1EDDE /* Tests */ = {isa = PBXFileReference; lastKnownFileType = folder; path = Tests; sourceTree = "<group>"; };
/* End PBXFileReference section */

/* Begin PBXGroup section */
		ABF9913D1C9763F700A1EDDE = {
			isa = PBXGroup;
			children = (
				ABF991441C9765C900A1EDDE /* Package.swift */,
				ABF991451C9765C900A1EDDE /* Sources */,
				ABF991461C9765C900A1EDDE /* Tests */,
			);
			sourceTree = "<group>";
		};
/* End PBXGroup section */

/* Begin PBXProject section */
		ABF9913E1C9763F700A1EDDE /* Project object */ = {
			isa = PBXProject;
			attributes = {
				LastUpgradeCheck = 0720;
			};
			buildConfigurationList = ABF991411C9763F700A1EDDE /* Build configuration list for PBXProject "swift-boom" */;
			compatibilityVersion = "Xcode 3.2";
			developmentRegion = English;
			hasScannedForEncodings = 0;
			knownRegions = (
				en,
			);
			mainGroup = ABF9913D1C9763F700A1EDDE;
			projectDirPath = "";
			projectRoot = "";
			targets = (
			);
		};
/* End PBXProject section */

/* Begin XCBuildConfiguration section */
		ABF991421C9763F700A1EDDE /* Debug */ = {
			isa = XCBuildConfiguration;
			buildSettings = {
			};
			name = Debug;
		};
		ABF991431C9763F700A1EDDE /* Release */ = {
			isa = XCBuildConfiguration;
			buildSettings = {
			};
			name = Release;
		};
/* End XCBuildConfiguration section */

/* Begin XCConfigurationList section */
		ABF991411C9763F700A1EDDE /* Build configuration list for PBXProject "swift-boom" */ = {
			isa = XCConfigurationList;
			buildConfigurations = (
				ABF991421C9763F700A1EDDE /* Debug */,
				ABF991431C9763F700A1EDDE /* Release */,
			);
			defaultConfigurationIsVisible = 0;
			defaultConfigurationName = Release;
		};
/* End XCConfigurationList section */
	};
	rootObject = ABF9913E1C9763F700A1EDDE /* Project object */;
}
